{
    "_meta": {
        "hash": {
            "sha256": "9eef32d57c3259c333594d4689c467ffc0713a3752bdc991d4ca6a28b6ea5de9"
        },
        "pipfile-spec": 6,
        "requires": {
            "python_version": "3.12"
        },
        "sources": [
            {
                "name": "pypi",
                "url": "https://pypi.org/simple",
                "verify_ssl": true
            }
        ]
    },
    "default": {
        "asgiref": {
            "hashes": [
                "sha256:5f184dc43b7e763efe848065441eac62229c9f7b0475f41f80e207a114eda4ce",
                "sha256:e8667a091e69529631969fd45dc268fa79b99c92c5fcdda727757e52146ec133"
            ],
            "markers": "python_version >= '3.9'",
            "version": "==3.11.1"
        },
        "bleach": {
            "extras": [
                "css"
            ],
            "hashes": [
                "sha256:6f3b91b1c0a02bb9a78b5a454c92506aa0fdf197e1d5e114d2e00c6f64306d22",
                "sha256:fe10ec77c93ddf3d13a73b035abaac7a9f5e436513864ccdad516693213c65d6"
            ],
            "markers": "python_version >= '3.10'",
            "version": "==6.3.0"
        },
        "django": {
            "hashes": [
                "sha256:9d58a7cb49244e74c8e161d5e403a46d6209f1009ba40f5a66d6aa0d0786a8f0",
                "sha256:bc6d6872e98a2864c836e42edd644b362db311147dd5aa8d5b82ba7a032f5269"
            ],
            "index": "pypi",
            "markers": "python_version >= '3.12'",
            "version": "==6.0.5"
        },
        "django-markdownify": {
            "hashes": [
                "sha256:9863b2bfa6d159ad1423dc93bf0d6eadc6413776de304049aa9fcfa5edd2ce1c",
                "sha256:edcf47b2026d55a8439049d35c8b54e11066a4856c4fad1060e139cb3d2eee52"
            ],
            "index": "pypi",
            "markers": "python_version >= '3.7'",
            "version": "==0.9.6"
        },
        "markdown": {
            "hashes": [
                "sha256:994d51325d25ad8aa7ce4ebaec003febcce822c3f8c911e3b17c52f7f589f950",
                "sha256:e91464b71ae3ee7afd3017d9f358ef0baf158fd9a298db92f1d4761133824c36"
            ],
            "markers": "python_version >= '3.10'",
            "version": "==3.10.2"
        },
        "sqlparse": {
            "hashes": [
                "sha256:12a08b3bf3eec877c519589833aed092e2444e68240a3577e8e26148acc7b1ba",
                "sha256:e20d4a9b0b8585fdf63b10d30066c7c94c5d7a7ec47c889a2d83a3caa93ff28e"
            ],
            "markers": "python_version >= '3.8'",
            "version": "==0.5.5"
        },
        "tinycss2": {
            "hashes": [
                "sha256:10c0972f6fc0fbee87c3edb76549357415e94548c1ae10ebccdea16fb404a9b7",
                "sha256:3a49cf47b7675da0b15d0c6e1df8df4ebd96e9394bb905a5775adb0d884c5289"
            ],
            "markers": "python_version >= '3.8'",
            "version": "==1.4.0"
        },
        "webencodings": {
            "hashes": [
                "sha256:a0af1213f3c2226497a97e2b3aa01a7e4bee4f403f95be16fc9acd2947514a78",
                "sha256:b36a1c245f2d304965eb4e0a82848379241dc04b865afcc4aab16748587e1923"
            ],
            "version": "==0.5.1"
        }
    },
    "develop": {}
}
